// !$*UTF8*$!
{
	archiveVersion = 1;
	classes = {
	};
	objectVersion = 46;
	objects = {

/* Begin PBXBuildFile section */
		74ABE03891AF379CDAF79D52 /* Pods_SwiftMotionSample.framework in Frameworks */ = {isa = PBXBuildFile; fileRef = 8EAECE9BCEFE6C01F78A1DD7 /* Pods_SwiftMotionSample.framework */; };
		AF275C091D1070850005E3A3 /* MotionKit.swift in Sources */ = {isa = PBXBuildFile; fileRef = AF275C081D1070850005E3A3 /* MotionKit.swift */; };
		AFE1730A1D0F093500FCB903 /* AppDelegate.swift in Sources */ = {isa = PBXBuildFile; fileRef = AFE173091D0F093500FCB903 /* AppDelegate.swift */; };
		AFE1730C1D0F093500FCB903 /* ViewController.swift in Sources */ = {isa = PBXBuildFile; fileRef = AFE1730B1D0F093500FCB903 /* ViewController.swift */; };
		AFE1730F1D0F093500FCB903 /* Main.storyboard in Resources */ = {isa = PBXBuildFile; fileRef = AFE1730D1D0F093500FCB903 /* Main.storyboard */; };
		AFE173111D0F093500FCB903 /* Assets.xcassets in Resources */ = {isa = PBXBuildFile; fileRef = AFE173101D0F093500FCB903 /* Assets.xcassets */; };
		AFE173141D0F093500FCB903 /* LaunchScreen.storyboard in Resources */ = {isa = PBXBuildFile; fileRef = AFE173121D0F093500FCB903 /* LaunchScreen.storyboard */; };
		AFE1731C1D0F0E0600FCB903 /* CoreMotion.framework in Frameworks */ = {isa = PBXBuildFile; fileRef = AFE1731B1D0F0E0600FCB903 /* CoreMotion.framework */; };
/* End PBXBuildFile section */

/* Begin PBXFileReference section */
		19B0D853003DB3391DF737A4 /* Pods-SwiftMotionSample.debug.xcconfig */ = {isa = PBXFileReference; includeInIndex = 1; lastKnownFileType = text.xcconfig; name = "Pods-SwiftMotionSample.debug.xcconfig"; path = "Pods/Target Support Files/Pods-SwiftMotionSample/Pods-SwiftMotionSample.debug.xcconfig"; sourceTree = "<group>"; };
		4CE1E3568633DA54C282DC15 /* Pods-SwiftMotionSample.release.xcconfig */ = {isa = PBXFileReference; includeInIndex = 1; lastKnownFileType = text.xcconfig; name = "Pods-SwiftMotionSample.release.xcconfig"; path = "Pods/Target Support Files/Pods-SwiftMotionSample/Pods-SwiftMotionSample.release.xcconfig"; sourceTree = "<group>"; };
		8EAECE9BCEFE6C01F78A1DD7 /* Pods_SwiftMotionSample.framework */ = {isa = PBXFileReference; explicitFileType = wrapper.framework; includeInIndex = 0; path = Pods_SwiftMotionSample.framework; sourceTree = BUILT_PRODUCTS_DIR; };
		AF275C081D1070850005E3A3 /* MotionKit.swift */ = {isa = PBXFileReference; fileEncoding = 4; lastKnownFileType = sourcecode.swift; path = MotionKit.swift; sourceTree = "<group>"; };
		AFE173061D0F093500FCB903 /* SwiftMotionSample.app */ = {isa = PBXFileReference; explicitFileType = wrapper.application; includeInIndex = 0; path = SwiftMotionSample.app; sourceTree = BUILT_PRODUCTS_DIR; };
		AFE173091D0F093500FCB903 /* AppDelegate.swift */ = {isa = PBXFileReference; lastKnownFileType = sourcecode.swift; path = AppDelegate.swift; sourceTree = "<group>"; };
		AFE1730B1D0F093500FCB903 /* ViewController.swift */ = {isa = PBXFileReference; lastKnownFileType = sourcecode.swift; path = ViewController.swift; sourceTree = "<group>"; };
		AFE1730E1D0F093500FCB903 /* Base */ = {isa = PBXFileReference; lastKnownFileType = file.storyboard; name = Base; path = Base.lproj/Main.storyboard; sourceTree = "<group>"; };
		AFE173101D0F093500FCB903 /* Assets.xcassets */ = {isa = PBXFileReference; lastKnownFileType = folder.assetcatalog; path = Assets.xcassets; sourceTree = "<group>"; };
		AFE173131D0F093500FCB903 /* Base */ = {isa = PBXFileReference; lastKnownFileType = file.storyboard; name = Base; path = Base.lproj/LaunchScreen.storyboard; sourceTree = "<group>"; };
		AFE173151D0F093500FCB903 /* Info.plist */ = {isa = PBXFileReference; lastKnownFileType = text.plist.xml; path = Info.plist; sourceTree = "<group>"; };
		AFE1731B1D0F0E0600FCB903 /* CoreMotion.framework */ = {isa = PBXFileReference; lastKnownFileType = wrapper.framework; name = CoreMotion.framework; path = System/Library/Frameworks/CoreMotion.framework; sourceTree = SDKROOT; };
/* End PBXFileReference section */

/* Begin PBXFrameworksBuildPhase section */
		AFE173031D0F093500FCB903 /* Frameworks */ = {
			isa = PBXFrameworksBuildPhase;
			buildActionMask = 2147483647;
			files = (
				AFE1731C1D0F0E0600FCB903 /* CoreMotion.framework in Frameworks */,
				74ABE03891AF379CDAF79D52 /* Pods_SwiftMotionSample.framework in Frameworks */,
			);
			runOnlyForDeploymentPostprocessing = 0;
		};
/* End PBXFrameworksBuildPhase section */

/* Begin PBXGroup section */
		1A757B49ED2DF06B8E3D1853 /* Pods */ = {
			isa = PBXGroup;
			children = (
				19B0D853003DB3391DF737A4 /* Pods-SwiftMotionSample.debug.xcconfig */,
				4CE1E3568633DA54C282DC15 /* Pods-SwiftMotionSample.release.xcconfig */,
			);
			name = Pods;
			sourceTree = "<group>";
		};
		7FCB95085E8A74E6930B4CDD /* Frameworks */ = {
			isa = PBXGroup;
			children = (
				AFE1731B1D0F0E0600FCB903 /* CoreMotion.framework */,
				8EAECE9BCEFE6C01F78A1DD7 /* Pods_SwiftMotionSample.framework */,
			);
			name = Frameworks;
			sourceTree = "<group>";
		};
		AFE172FD1D0F093400FCB903 = {
			isa = PBXGroup;
			children = (
				AFE173081D0F093500FCB903 /* SwiftMotionSample */,
				AFE173071D0F093500FCB903 /* Products */,
				1A757B49ED2DF06B8E3D1853 /* Pods */,
				7FCB95085E8A74E6930B4CDD /* Frameworks */,
			);
			sourceTree = "<group>";
		};
		AFE173071D0F093500FCB903 /* Products */ = {
			isa = PBXGroup;
			children = (
				AFE173061D0F093500FCB903 /* SwiftMotionSample.app */,
			);
			name = Products;
			sourceTree = "<group>";
		};
		AFE173081D0F093500FCB903 /* SwiftMotionSample */ = {
			isa = PBXGroup;
			children = (
				AF275C081D1070850005E3A3 /* MotionKit.swift */,
				AFE173091D0F093500FCB903 /* AppDelegate.swift */,
				AFE1730B1D0F093500FCB903 /* ViewController.swift */,
				AFE1730D1D0F093500FCB903 /* Main.storyboard */,
				AFE173101D0F093500FCB903 /* Assets.xcassets */,
				AFE173121D0F093500FCB903 /* LaunchScreen.storyboard */,
				AFE173151D0F093500FCB903 /* Info.plist */,
			);
			path = SwiftMotionSample;
			sourceTree = "<group>";
		};
/* End PBXGroup section */

/* Begin PBXNativeTarget section */
		AFE173051D0F093500FCB903 /* SwiftMotionSample */ = {
			isa = PBXNativeTarget;
			buildConfigurationList = AFE173181D0F093500FCB903 /* Build configuration list for PBXNativeTarget "SwiftMotionSample" */;
			buildPhases = (
				3EC892258FC72E2796D6A004 /* [CP] Check Pods Manifest.lock */,
				AFE173021D0F093500FCB903 /* Sources */,
				AFE173031D0F093500FCB903 /* Frameworks */,
				AFE173041D0F093500FCB903 /* Resources */,
				2E14D4B3D90339FFCC32B0B7 /* [CP] Embed Pods Frameworks */,
				724A1F5ECB1739C9AF390EEF /* [CP] Copy Pods Resources */,
			);
			buildRules = (
			);
			dependencies = (
			);
			name = SwiftMotionSample;
			productName = SwiftMotionSample;
			productReference = AFE173061D0F093500FCB903 /* SwiftMotionSample.app */;
			productType = "com.apple.product-type.application";
		};
/* End PBXNativeTarget section */

/* Begin PBXProject section */
		AFE172FE1D0F093400FCB903 /* Project object */ = {
			isa = PBXProject;
			attributes = {
				LastSwiftUpdateCheck = 0730;
				LastUpgradeCheck = 0730;
				ORGANIZATIONNAME = Master;
				TargetAttributes = {
					AFE173051D0F093500FCB903 = {
						CreatedOnToolsVersion = 7.3.1;
					};
				};
			};
			buildConfigurationList = AFE173011D0F093400FCB903 /* Build configuration list for PBXProject "SwiftMotionSample" */;
			compatibilityVersion = "Xcode 3.2";
			developmentRegion = English;
			hasScannedForEncodings = 0;
			knownRegions = (
				en,
				Base,
			);
			mainGroup = AFE172FD1D0F093400FCB903;
			productRefGroup = AFE173071D0F093500FCB903 /* Products */;
			projectDirPath = "";
			projectRoot = "";
			targets = (
				AFE173051D0F093500FCB903 /* SwiftMotionSample */,
			);
		};
/* End PBXProject section */

/* Begin PBXResourcesBuildPhase section */
		AFE173041D0F093500FCB903 /* Resources */ = {
			isa = PBXResourcesBuildPhase;
			buildActionMask = 2147483647;
			files = (
				AFE173141D0F093500FCB903 /* LaunchScreen.storyboard in Resources */,
				AFE173111D0F093500FCB903 /* Assets.xcassets in Resources */,
				AFE1730F1D0F093500FCB903 /* Main.storyboard in Resources */,
			);
			runOnlyForDeploymentPostprocessing = 0;
		};
/* End PBXResourcesBuildPhase section */

/* Begin PBXShellScriptBuildPhase section */
		2E14D4B3D90339FFCC32B0B7 /* [CP] Embed Pods Frameworks */ = {
			isa = PBXShellScriptBuildPhase;
			buildActionMask = 2147483647;
			files = (
			);
			inputPaths = (
			);
			name = "[CP] Embed Pods Frameworks";
			outputPaths = (
			);
			runOnlyForDeploymentPostprocessing = 0;
			shellPath = /bin/sh;
			shellScript = "\"${SRCROOT}/Pods/Target Support Files/Pods-SwiftMotionSample/Pods-SwiftMotionSample-frameworks.sh\"\n";
			showEnvVarsInLog = 0;
		};
		3EC892258FC72E2796D6A004 /* [CP] Check Pods Manifest.lock */ = {
			isa = PBXShellScriptBuildPhase;
			buildActionMask = 2147483647;
			files = (
			);
			inputPaths = (
			);
			name = "[CP] Check Pods Manifest.lock";
			outputPaths = (
			);
			runOnlyForDeploymentPostprocessing = 0;
			shellPath = /bin/sh;
			shellScript = "diff \"${PODS_ROOT}/../Podfile.lock\" \"${PODS_ROOT}/Manifest.lock\" > /dev/null\nif [[ $? != 0 ]] ; then\n    cat << EOM\nerror: The sandbox is not in sync with the Podfile.lock. Run 'pod install' or update your CocoaPods installation.\nEOM\n    exit 1\nfi\n";
			showEnvVarsInLog = 0;
		};
		724A1F5ECB1739C9AF390EEF /* [CP] Copy Pods Resources */ = {
			isa = PBXShellScriptBuildPhase;
			buildActionMask = 2147483647;
			files = (
			);
			inputPaths = (
			);
			name = "[CP] Copy Pods Resources";
			outputPaths = (
			);
			runOnlyForDeploymentPostprocessing = 0;
			shellPath = /bin/sh;
			shellScript = "\"${SRCROOT}/Pods/Target Support Files/Pods-SwiftMotionSample/Pods-SwiftMotionSample-resources.sh\"\n";
			showEnvVarsInLog = 0;
		};
/* End PBXShellScriptBuildPhase section */

/* Begin PBXSourcesBuildPhase section */
		AFE173021D0F093500FCB903 /* Sources */ = {
			isa = PBXSourcesBuildPhase;
			buildActionMask = 2147483647;
			files = (
				AFE1730C1D0F093500FCB903 /* ViewController.swift in Sources */,
				AFE1730A1D0F093500FCB903 /* AppDelegate.swift in Sources */,
				AF275C091D1070850005E3A3 /* MotionKit.swift in Sources */,
			);
			runOnlyForDeploymentPostprocessing = 0;
		};
/* End PBXSourcesBuildPhase section */

/* Begin PBXVariantGroup section */
		AFE1730D1D0F093500FCB903 /* Main.storyboard */ = {
			isa = PBXVariantGroup;
			children = (
				AFE1730E1D0F093500FCB903 /* Base */,
			);
			name = Main.storyboard;
			sourceTree = "<group>";
		};
		AFE173121D0F093500FCB903 /* LaunchScreen.storyboard */ = {
			isa = PBXVariantGroup;
			children = (
				AFE173131D0F093500FCB903 /* Base */,
			);
			name = LaunchScreen.storyboard;
			sourceTree = "<group>";
		};
/* End PBXVariantGroup section */

/* Begin XCBuildConfiguration section */
		AFE173161D0F093500FCB903 /* Debug */ = {
			isa = XCBuildConfiguration;
			buildSettings = {
				ALWAYS_SEARCH_USER_PATHS = NO;
				CLANG_ANALYZER_NONNULL = YES;
				CLANG_CXX_LANGUAGE_STANDARD = "gnu++0x";
				CLANG_CXX_LIBRARY = "libc++";
				CLANG_ENABLE_MODULES = YES;
				CLANG_ENABLE_OBJC_ARC = YES;
				CLANG_WARN_BOOL_CONVERSION = YES;
				CLANG_WARN_CONSTANT_CONVERSION = YES;
				CLANG_WARN_DIRECT_OBJC_ISA_USAGE = YES_ERROR;
				CLANG_WARN_EMPTY_BODY = YES;
				CLANG_WARN_ENUM_CONVERSION = YES;
				CLANG_WARN_INT_CONVERSION = YES;
				CLANG_WARN_OBJC_ROOT_CLASS = YES_ERROR;
				CLANG_WARN_UNREACHABLE_CODE = YES;
				CLANG_WARN__DUPLICATE_METHOD_MATCH = YES;
				"CODE_SIGN_IDENTITY[sdk=iphoneos*]" = "iPhone Developer";
				COPY_PHASE_STRIP = NO;
				DEBUG_INFORMATION_FORMAT = dwarf;
				ENABLE_STRICT_OBJC_MSGSEND = YES;
				ENABLE_TESTABILITY = YES;
				GCC_C_LANGUAGE_STANDARD = gnu99;
				GCC_DYNAMIC_NO_PIC = NO;
				GCC_NO_COMMON_BLOCKS = YES;
				GCC_OPTIMIZATION_LEVEL = 0;
				GCC_PREPROCESSOR_DEFINITIONS = (
					"DEBUG=1",
					"$(inherited)",
				);
				GCC_WARN_64_TO_32_BIT_CONVERSION = YES;
				GCC_WARN_ABOUT_RETURN_TYPE = YES_ERROR;
				GCC_WARN_UNDECLARED_SELECTOR = YES;
				GCC_WARN_UNINITIALIZED_AUTOS = YES_AGGRESSIVE;
				GCC_WARN_UNUSED_FUNCTION = YES;
				GCC_WARN_UNUSED_VARIABLE = YES;
				IPHONEOS_DEPLOYMENT_TARGET = 9.3;
				MTL_ENABLE_DEBUG_INFO = YES;
				ONLY_ACTIVE_ARCH = YES;
				SDKROOT = iphoneos;
				SWIFT_OPTIMIZATION_LEVEL = "-Onone";
				TARGETED_DEVICE_FAMILY = "1,2";
			};
			name = Debug;
		};
		AFE173171D0F093500FCB903 /* Release */ = {
			isa = XCBuildConfiguration;
			buildSettings = {
				ALWAYS_SEARCH_USER_PATHS = NO;
				CLANG_ANALYZER_NONNULL = YES;
				CLANG_CXX_LANGUAGE_STANDARD = "gnu++0x";
				CLANG_CXX_LIBRARY = "libc++";
				CLANG_ENABLE_MODULES = YES;
				CLANG_ENABLE_OBJC_ARC = YES;
				CLANG_WARN_BOOL_CONVERSION = YES;
				CLANG_WARN_CONSTANT_CONVERSION = YES;
				CLANG_WARN_DIRECT_OBJC_ISA_USAGE = YES_ERROR;
				CLANG_WARN_EMPTY_BODY = YES;
				CLANG_WARN_ENUM_CONVERSION = YES;
				CLANG_WARN_INT_CONVERSION = YES;
				CLANG_WARN_OBJC_ROOT_CLASS = YES_ERROR;
				CLANG_WARN_UNREACHABLE_CODE = YES;
				CLANG_WARN__DUPLICATE_METHOD_MATCH = YES;
				"CODE_SIGN_IDENTITY[sdk=iphoneos*]" = "iPhone Developer";
				COPY_PHASE_STRIP = NO;
				DEBUG_INFORMATION_FORMAT = "dwarf-with-dsym";
				ENABLE_NS_ASSERTIONS = NO;
				ENABLE_STRICT_OBJC_MSGSEND = YES;
				GCC_C_LANGUAGE_STANDARD = gnu99;
				GCC_NO_COMMON_BLOCKS = YES;
				GCC_WARN_64_TO_32_BIT_CONVERSION = YES;
				GCC_WARN_ABOUT_RETURN_TYPE = YES_ERROR;
				GCC_WARN_UNDECLARED_SELECTOR = YES;
				GCC_WARN_UNINITIALIZED_AUTOS = YES_AGGRESSIVE;
				GCC_WARN_UNUSED_FUNCTION = YES;
				GCC_WARN_UNUSED_VARIABLE = YES;
				IPHONEOS_DEPLOYMENT_TARGET = 9.3;
				MTL_ENABLE_DEBUG_INFO = NO;
				SDKROOT = iphoneos;
				TARGETED_DEVICE_FAMILY = "1,2";
				VALIDATE_PRODUCT = YES;
			};
			name = Release;
		};
		AFE173191D0F093500FCB903 /* Debug */ = {
			isa = XCBuildConfiguration;
			baseConfigurationReference = 19B0D853003DB3391DF737A4 /* Pods-SwiftMotionSample.debug.xcconfig */;
			buildSettings = {
				ASSETCATALOG_COMPILER_APPICON_NAME = AppIcon;
				INFOPLIST_FILE = SwiftMotionSample/Info.plist;
				LD_RUNPATH_SEARCH_PATHS = "$(inherited) @executable_path/Frameworks";
				PRODUCT_BUNDLE_IDENTIFIER = com.iCloudTest.SwiftMotionSample;
				PRODUCT_NAME = "$(TARGET_NAME)";
			};
			name = Debug;
		};
		AFE1731A1D0F093500FCB903 /* Release */ = {
			isa = XCBuildConfiguration;
			baseConfigurationReference = 4CE1E3568633DA54C282DC15 /* Pods-SwiftMotionSample.release.xcconfig */;
			buildSettings = {
				ASSETCATALOG_COMPILER_APPICON_NAME = AppIcon;
				INFOPLIST_FILE = SwiftMotionSample/Info.plist;
				LD_RUNPATH_SEARCH_PATHS = "$(inherited) @executable_path/Frameworks";
				PRODUCT_BUNDLE_IDENTIFIER = com.iCloudTest.SwiftMotionSample;
				PRODUCT_NAME = "$(TARGET_NAME)";
			};
			name = Release;
		};
/* End XCBuildConfiguration section */

/* Begin XCConfigurationList section */
		AFE173011D0F093400FCB903 /* Build configuration list for PBXProject "SwiftMotionSample" */ = {
			isa = XCConfigurationList;
			buildConfigurations = (
				AFE173161D0F093500FCB903 /* Debug */,
				AFE173171D0F093500FCB903 /* Release */,
			);
			defaultConfigurationIsVisible = 0;
			defaultConfigurationName = Release;
		};
		AFE173181D0F093500FCB903 /* Build configuration list for PBXNativeTarget "SwiftMotionSample" */ = {
			isa = XCConfigurationList;
			buildConfigurations = (
				AFE173191D0F093500FCB903 /* Debug */,
				AFE1731A1D0F093500FCB903 /* Release */,
			);
			defaultConfigurationIsVisible = 0;
			defaultConfigurationName = Release;
		};
/* End XCConfigurationList section */
	};
	rootObject = AFE172FE1D0F093400FCB903 /* Project object */;
}
